// !$*UTF8*$!
{
	archiveVersion = 1;
	classes = {
	};
	objectVersion = 46;
	objects = {

/* Begin PBXBuildFile section */
		A96F5ED41D2E57A8005CEE14 /* start.jpg in Resources */ = {isa = PBXBuildFile; fileRef = A96F5ED31D2E57A8005CEE14 /* start.jpg */; };
		A983AC711D2FFD8000439B50 /* noexist.jpg in Resources */ = {isa = PBXBuildFile; fileRef = A983AC701D2FFD8000439B50 /* noexist.jpg */; };
		A983AC731D30045600439B50 /* noexist.pdf in Resources */ = {isa = PBXBuildFile; fileRef = A983AC721D30045600439B50 /* noexist.pdf */; };
		A983AC761D30088400439B50 /* Foundation.swift in Sources */ = {isa = PBXBuildFile; fileRef = A983AC751D30088400439B50 /* Foundation.swift */; };
		A9DFCF2B1D2909F7008ADF27 /* AppDelegate.swift in Sources */ = {isa = PBXBuildFile; fileRef = A9DFCF2A1D2909F7008ADF27 /* AppDelegate.swift */; };
		A9DFCF301D2909F7008ADF27 /* Main.storyboard in Resources */ = {isa = PBXBuildFile; fileRef = A9DFCF2E1D2909F7008ADF27 /* Main.storyboard */; };
		A9DFCF321D2909F7008ADF27 /* Assets.xcassets in Resources */ = {isa = PBXBuildFile; fileRef = A9DFCF311D2909F7008ADF27 /* Assets.xcassets */; };
		A9DFCF351D2909F7008ADF27 /* LaunchScreen.storyboard in Resources */ = {isa = PBXBuildFile; fileRef = A9DFCF331D2909F7008ADF27 /* LaunchScreen.storyboard */; };
		A9DFCF3E1D290D06008ADF27 /* Book.swift in Sources */ = {isa = PBXBuildFile; fileRef = A9DFCF3D1D290D06008ADF27 /* Book.swift */; };
		A9DFCF401D291091008ADF27 /* Author.swift in Sources */ = {isa = PBXBuildFile; fileRef = A9DFCF3F1D291091008ADF27 /* Author.swift */; };
		A9DFCF441D291D53008ADF27 /* Library.swift in Sources */ = {isa = PBXBuildFile; fileRef = A9DFCF431D291D53008ADF27 /* Library.swift */; };
		A9DFCF461D292473008ADF27 /* JSONDecoding.swift in Sources */ = {isa = PBXBuildFile; fileRef = A9DFCF451D292473008ADF27 /* JSONDecoding.swift */; };
		A9DFCF481D297337008ADF27 /* Error.swift in Sources */ = {isa = PBXBuildFile; fileRef = A9DFCF471D297337008ADF27 /* Error.swift */; };
		A9E702781D2BB621008F6F0D /* BookViewController.swift in Sources */ = {isa = PBXBuildFile; fileRef = A9E702761D2BB621008F6F0D /* BookViewController.swift */; };
		A9E702791D2BB621008F6F0D /* BookViewController.xib in Resources */ = {isa = PBXBuildFile; fileRef = A9E702771D2BB621008F6F0D /* BookViewController.xib */; };
		A9E7027B1D2BB806008F6F0D /* pdf.png in Resources */ = {isa = PBXBuildFile; fileRef = A9E7027A1D2BB806008F6F0D /* pdf.png */; };
		A9E7027F1D2BD356008F6F0D /* PdfViewController.swift in Sources */ = {isa = PBXBuildFile; fileRef = A9E7027D1D2BD356008F6F0D /* PdfViewController.swift */; };
		A9E702801D2BD356008F6F0D /* PdfViewController.xib in Resources */ = {isa = PBXBuildFile; fileRef = A9E7027E1D2BD356008F6F0D /* PdfViewController.xib */; };
		A9E702831D2C0672008F6F0D /* genericsUtil.swift in Sources */ = {isa = PBXBuildFile; fileRef = A9E702821D2C0672008F6F0D /* genericsUtil.swift */; };
		A9E702861D2C1484008F6F0D /* LibraryTableViewController.swift in Sources */ = {isa = PBXBuildFile; fileRef = A9E702841D2C1484008F6F0D /* LibraryTableViewController.swift */; };
		A9E702871D2C1484008F6F0D /* LibraryTableViewController.xib in Resources */ = {isa = PBXBuildFile; fileRef = A9E702851D2C1484008F6F0D /* LibraryTableViewController.xib */; };
		A9E7028A1D2C5AC9008F6F0D /* BookTableViewCell.swift in Sources */ = {isa = PBXBuildFile; fileRef = A9E702881D2C5AC9008F6F0D /* BookTableViewCell.swift */; };
		A9E7028B1D2C5AC9008F6F0D /* BookTableViewCell.xib in Resources */ = {isa = PBXBuildFile; fileRef = A9E702891D2C5AC9008F6F0D /* BookTableViewCell.xib */; };
/* End PBXBuildFile section */

/* Begin PBXFileReference section */
		A96F5ED31D2E57A8005CEE14 /* start.jpg */ = {isa = PBXFileReference; lastKnownFileType = image.jpeg; path = start.jpg; sourceTree = "<group>"; };
		A983AC701D2FFD8000439B50 /* noexist.jpg */ = {isa = PBXFileReference; lastKnownFileType = image.jpeg; path = noexist.jpg; sourceTree = "<group>"; };
		A983AC721D30045600439B50 /* noexist.pdf */ = {isa = PBXFileReference; lastKnownFileType = image.pdf; path = noexist.pdf; sourceTree = "<group>"; };
		A983AC751D30088400439B50 /* Foundation.swift */ = {isa = PBXFileReference; fileEncoding = 4; lastKnownFileType = sourcecode.swift; path = Foundation.swift; sourceTree = "<group>"; };
		A9DFCF271D2909F7008ADF27 /* HackBook.app */ = {isa = PBXFileReference; explicitFileType = wrapper.application; includeInIndex = 0; path = HackBook.app; sourceTree = BUILT_PRODUCTS_DIR; };
		A9DFCF2A1D2909F7008ADF27 /* AppDelegate.swift */ = {isa = PBXFileReference; lastKnownFileType = sourcecode.swift; path = AppDelegate.swift; sourceTree = "<group>"; };
		A9DFCF2F1D2909F7008ADF27 /* Base */ = {isa = PBXFileReference; lastKnownFileType = file.storyboard; name = Base; path = Base.lproj/Main.storyboard; sourceTree = "<group>"; };
		A9DFCF311D2909F7008ADF27 /* Assets.xcassets */ = {isa = PBXFileReference; lastKnownFileType = folder.assetcatalog; path = Assets.xcassets; sourceTree = "<group>"; };
		A9DFCF341D2909F7008ADF27 /* Base */ = {isa = PBXFileReference; lastKnownFileType = file.storyboard; name = Base; path = Base.lproj/LaunchScreen.storyboard; sourceTree = "<group>"; };
		A9DFCF361D2909F7008ADF27 /* Info.plist */ = {isa = PBXFileReference; lastKnownFileType = text.plist.xml; path = Info.plist; sourceTree = "<group>"; };
		A9DFCF3D1D290D06008ADF27 /* Book.swift */ = {isa = PBXFileReference; fileEncoding = 4; lastKnownFileType = sourcecode.swift; path = Book.swift; sourceTree = "<group>"; };
		A9DFCF3F1D291091008ADF27 /* Author.swift */ = {isa = PBXFileReference; fileEncoding = 4; lastKnownFileType = sourcecode.swift; path = Author.swift; sourceTree = "<group>"; };
		A9DFCF431D291D53008ADF27 /* Library.swift */ = {isa = PBXFileReference; fileEncoding = 4; lastKnownFileType = sourcecode.swift; path = Library.swift; sourceTree = "<group>"; };
		A9DFCF451D292473008ADF27 /* JSONDecoding.swift */ = {isa = PBXFileReference; fileEncoding = 4; lastKnownFileType = sourcecode.swift; path = JSONDecoding.swift; sourceTree = "<group>"; };
		A9DFCF471D297337008ADF27 /* Error.swift */ = {isa = PBXFileReference; fileEncoding = 4; lastKnownFileType = sourcecode.swift; path = Error.swift; sourceTree = "<group>"; };
		A9E702761D2BB621008F6F0D /* BookViewController.swift */ = {isa = PBXFileReference; fileEncoding = 4; lastKnownFileType = sourcecode.swift; path = BookViewController.swift; sourceTree = "<group>"; };
		A9E702771D2BB621008F6F0D /* BookViewController.xib */ = {isa = PBXFileReference; fileEncoding = 4; lastKnownFileType = file.xib; path = BookViewController.xib; sourceTree = "<group>"; };
		A9E7027A1D2BB806008F6F0D /* pdf.png */ = {isa = PBXFileReference; lastKnownFileType = image.png; path = pdf.png; sourceTree = "<group>"; };
		A9E7027D1D2BD356008F6F0D /* PdfViewController.swift */ = {isa = PBXFileReference; fileEncoding = 4; lastKnownFileType = sourcecode.swift; path = PdfViewController.swift; sourceTree = "<group>"; };
		A9E7027E1D2BD356008F6F0D /* PdfViewController.xib */ = {isa = PBXFileReference; fileEncoding = 4; lastKnownFileType = file.xib; path = PdfViewController.xib; sourceTree = "<group>"; };
		A9E702821D2C0672008F6F0D /* genericsUtil.swift */ = {isa = PBXFileReference; fileEncoding = 4; lastKnownFileType = sourcecode.swift; path = genericsUtil.swift; sourceTree = "<group>"; };
		A9E702841D2C1484008F6F0D /* LibraryTableViewController.swift */ = {isa = PBXFileReference; fileEncoding = 4; lastKnownFileType = sourcecode.swift; path = LibraryTableViewController.swift; sourceTree = "<group>"; };
		A9E702851D2C1484008F6F0D /* LibraryTableViewController.xib */ = {isa = PBXFileReference; fileEncoding = 4; lastKnownFileType = file.xib; path = LibraryTableViewController.xib; sourceTree = "<group>"; };
		A9E702881D2C5AC9008F6F0D /* BookTableViewCell.swift */ = {isa = PBXFileReference; fileEncoding = 4; lastKnownFileType = sourcecode.swift; path = BookTableViewCell.swift; sourceTree = "<group>"; };
		A9E702891D2C5AC9008F6F0D /* BookTableViewCell.xib */ = {isa = PBXFileReference; fileEncoding = 4; lastKnownFileType = file.xib; path = BookTableViewCell.xib; sourceTree = "<group>"; };
/* End PBXFileReference section */

/* Begin PBXFrameworksBuildPhase section */
		A9DFCF241D2909F7008ADF27 /* Frameworks */ = {
			isa = PBXFrameworksBuildPhase;
			buildActionMask = 2147483647;
			files = (
			);
			runOnlyForDeploymentPostprocessing = 0;
		};
/* End PBXFrameworksBuildPhase section */

/* Begin PBXGroup section */
		A96F5ED21D2E578F005CEE14 /* resource */ = {
			isa = PBXGroup;
			children = (
				A983AC701D2FFD8000439B50 /* noexist.jpg */,
				A983AC721D30045600439B50 /* noexist.pdf */,
				A96F5ED31D2E57A8005CEE14 /* start.jpg */,
			);
			name = resource;
			sourceTree = "<group>";
		};
		A983AC741D30085B00439B50 /* FrameWork */ = {
			isa = PBXGroup;
			children = (
				A983AC751D30088400439B50 /* Foundation.swift */,
			);
			name = FrameWork;
			sourceTree = "<group>";
		};
		A9DFCF1E1D2909F7008ADF27 = {
			isa = PBXGroup;
			children = (
				A9DFCF291D2909F7008ADF27 /* HackBook */,
				A9DFCF281D2909F7008ADF27 /* Products */,
			);
			sourceTree = "<group>";
		};
		A9DFCF281D2909F7008ADF27 /* Products */ = {
			isa = PBXGroup;
			children = (
				A9DFCF271D2909F7008ADF27 /* HackBook.app */,
			);
			name = Products;
			sourceTree = "<group>";
		};
		A9DFCF291D2909F7008ADF27 /* HackBook */ = {
			isa = PBXGroup;
			children = (
				A983AC741D30085B00439B50 /* FrameWork */,
				A96F5ED21D2E578F005CEE14 /* resource */,
				A9E702811D2C0648008F6F0D /* Utilities */,
				A9E7027C1D2BBFB4008F6F0D /* Controllers */,
				A9DFCF3C1D290A2D008ADF27 /* models */,
				A9DFCF2A1D2909F7008ADF27 /* AppDelegate.swift */,
				A9DFCF2E1D2909F7008ADF27 /* Main.storyboard */,
				A9DFCF311D2909F7008ADF27 /* Assets.xcassets */,
				A9E7027A1D2BB806008F6F0D /* pdf.png */,
				A9DFCF331D2909F7008ADF27 /* LaunchScreen.storyboard */,
				A9DFCF361D2909F7008ADF27 /* Info.plist */,
			);
			path = HackBook;
			sourceTree = "<group>";
		};
		A9DFCF3C1D290A2D008ADF27 /* models */ = {
			isa = PBXGroup;
			children = (
				A9DFCF3D1D290D06008ADF27 /* Book.swift */,
				A9DFCF3F1D291091008ADF27 /* Author.swift */,
				A9DFCF431D291D53008ADF27 /* Library.swift */,
				A9DFCF451D292473008ADF27 /* JSONDecoding.swift */,
				A9DFCF471D297337008ADF27 /* Error.swift */,
			);
			name = models;
			sourceTree = "<group>";
		};
		A9E7027C1D2BBFB4008F6F0D /* Controllers */ = {
			isa = PBXGroup;
			children = (
				A9E702761D2BB621008F6F0D /* BookViewController.swift */,
				A9E702771D2BB621008F6F0D /* BookViewController.xib */,
				A9E7027D1D2BD356008F6F0D /* PdfViewController.swift */,
				A9E7027E1D2BD356008F6F0D /* PdfViewController.xib */,
				A9E702841D2C1484008F6F0D /* LibraryTableViewController.swift */,
				A9E702851D2C1484008F6F0D /* LibraryTableViewController.xib */,
				A9E702881D2C5AC9008F6F0D /* BookTableViewCell.swift */,
				A9E702891D2C5AC9008F6F0D /* BookTableViewCell.xib */,
			);
			name = Controllers;
			sourceTree = "<group>";
		};
		A9E702811D2C0648008F6F0D /* Utilities */ = {
			isa = PBXGroup;
			children = (
				A9E702821D2C0672008F6F0D /* genericsUtil.swift */,
			);
			name = Utilities;
			sourceTree = "<group>";
		};
/* End PBXGroup section */

/* Begin PBXNativeTarget section */
		A9DFCF261D2909F7008ADF27 /* HackBook */ = {
			isa = PBXNativeTarget;
			buildConfigurationList = A9DFCF391D2909F7008ADF27 /* Build configuration list for PBXNativeTarget "HackBook" */;
			buildPhases = (
				A9DFCF231D2909F7008ADF27 /* Sources */,
				A9DFCF241D2909F7008ADF27 /* Frameworks */,
				A9DFCF251D2909F7008ADF27 /* Resources */,
			);
			buildRules = (
			);
			dependencies = (
			);
			name = HackBook;
			productName = HackBook;
			productReference = A9DFCF271D2909F7008ADF27 /* HackBook.app */;
			productType = "com.apple.product-type.application";
		};
/* End PBXNativeTarget section */

/* Begin PBXProject section */
		A9DFCF1F1D2909F7008ADF27 /* Project object */ = {
			isa = PBXProject;
			attributes = {
				LastSwiftUpdateCheck = 0730;
				LastUpgradeCheck = 0730;
				ORGANIZATIONNAME = "Antonio Benavente del Moral";
				TargetAttributes = {
					A9DFCF261D2909F7008ADF27 = {
						CreatedOnToolsVersion = 7.3;
					};
				};
			};
			buildConfigurationList = A9DFCF221D2909F7008ADF27 /* Build configuration list for PBXProject "HackBook" */;
			compatibilityVersion = "Xcode 3.2";
			developmentRegion = English;
			hasScannedForEncodings = 0;
			knownRegions = (
				en,
				Base,
			);
			mainGroup = A9DFCF1E1D2909F7008ADF27;
			productRefGroup = A9DFCF281D2909F7008ADF27 /* Products */;
			projectDirPath = "";
			projectRoot = "";
			targets = (
				A9DFCF261D2909F7008ADF27 /* HackBook */,
			);
		};
/* End PBXProject section */

/* Begin PBXResourcesBuildPhase section */
		A9DFCF251D2909F7008ADF27 /* Resources */ = {
			isa = PBXResourcesBuildPhase;
			buildActionMask = 2147483647;
			files = (
				A9DFCF351D2909F7008ADF27 /* LaunchScreen.storyboard in Resources */,
				A96F5ED41D2E57A8005CEE14 /* start.jpg in Resources */,
				A9E702871D2C1484008F6F0D /* LibraryTableViewController.xib in Resources */,
				A9E7027B1D2BB806008F6F0D /* pdf.png in Resources */,
				A983AC731D30045600439B50 /* noexist.pdf in Resources */,
				A9E702791D2BB621008F6F0D /* BookViewController.xib in Resources */,
				A9E7028B1D2C5AC9008F6F0D /* BookTableViewCell.xib in Resources */,
				A9E702801D2BD356008F6F0D /* PdfViewController.xib in Resources */,
				A9DFCF321D2909F7008ADF27 /* Assets.xcassets in Resources */,
				A983AC711D2FFD8000439B50 /* noexist.jpg in Resources */,
				A9DFCF301D2909F7008ADF27 /* Main.storyboard in Resources */,
			);
			runOnlyForDeploymentPostprocessing = 0;
		};
/* End PBXResourcesBuildPhase section */

/* Begin PBXSourcesBuildPhase section */
		A9DFCF231D2909F7008ADF27 /* Sources */ = {
			isa = PBXSourcesBuildPhase;
			buildActionMask = 2147483647;
			files = (
				A9DFCF2B1D2909F7008ADF27 /* AppDelegate.swift in Sources */,
				A9DFCF441D291D53008ADF27 /* Library.swift in Sources */,
				A9DFCF401D291091008ADF27 /* Author.swift in Sources */,
				A9E7028A1D2C5AC9008F6F0D /* BookTableViewCell.swift in Sources */,
				A9DFCF461D292473008ADF27 /* JSONDecoding.swift in Sources */,
				A9E702861D2C1484008F6F0D /* LibraryTableViewController.swift in Sources */,
				A983AC761D30088400439B50 /* Foundation.swift in Sources */,
				A9E702781D2BB621008F6F0D /* BookViewController.swift in Sources */,
				A9DFCF481D297337008ADF27 /* Error.swift in Sources */,
				A9E702831D2C0672008F6F0D /* genericsUtil.swift in Sources */,
				A9DFCF3E1D290D06008ADF27 /* Book.swift in Sources */,
				A9E7027F1D2BD356008F6F0D /* PdfViewController.swift in Sources */,
			);
			runOnlyForDeploymentPostprocessing = 0;
		};
/* End PBXSourcesBuildPhase section */

/* Begin PBXVariantGroup section */
		A9DFCF2E1D2909F7008ADF27 /* Main.storyboard */ = {
			isa = PBXVariantGroup;
			children = (
				A9DFCF2F1D2909F7008ADF27 /* Base */,
			);
			name = Main.storyboard;
			sourceTree = "<group>";
		};
		A9DFCF331D2909F7008ADF27 /* LaunchScreen.storyboard */ = {
			isa = PBXVariantGroup;
			children = (
				A9DFCF341D2909F7008ADF27 /* Base */,
			);
			name = LaunchScreen.storyboard;
			sourceTree = "<group>";
		};
/* End PBXVariantGroup section */

/* Begin XCBuildConfiguration section */
		A9DFCF371D2909F7008ADF27 /* Debug */ = {
			isa = XCBuildConfiguration;
			buildSettings = {
				ALWAYS_SEARCH_USER_PATHS = NO;
				CLANG_ANALYZER_NONNULL = YES;
				CLANG_CXX_LANGUAGE_STANDARD = "gnu++0x";
				CLANG_CXX_LIBRARY = "libc++";
				CLANG_ENABLE_MODULES = YES;
				CLANG_ENABLE_OBJC_ARC = YES;
				CLANG_WARN_BOOL_CONVERSION = YES;
				CLANG_WARN_CONSTANT_CONVERSION = YES;
				CLANG_WARN_DIRECT_OBJC_ISA_USAGE = YES_ERROR;
				CLANG_WARN_EMPTY_BODY = YES;
				CLANG_WARN_ENUM_CONVERSION = YES;
				CLANG_WARN_INT_CONVERSION = YES;
				CLANG_WARN_OBJC_ROOT_CLASS = YES_ERROR;
				CLANG_WARN_UNREACHABLE_CODE = YES;
				CLANG_WARN__DUPLICATE_METHOD_MATCH = YES;
				"CODE_SIGN_IDENTITY[sdk=iphoneos*]" = "iPhone Developer";
				COPY_PHASE_STRIP = NO;
				DEBUG_INFORMATION_FORMAT = dwarf;
				ENABLE_STRICT_OBJC_MSGSEND = YES;
				ENABLE_TESTABILITY = YES;
				GCC_C_LANGUAGE_STANDARD = gnu99;
				GCC_DYNAMIC_NO_PIC = NO;
				GCC_NO_COMMON_BLOCKS = YES;
				GCC_OPTIMIZATION_LEVEL = 0;
				GCC_PREPROCESSOR_DEFINITIONS = (
					"DEBUG=1",
					"$(inherited)",
				);
				GCC_WARN_64_TO_32_BIT_CONVERSION = YES;
				GCC_WARN_ABOUT_RETURN_TYPE = YES_ERROR;
				GCC_WARN_UNDECLARED_SELECTOR = YES;
				GCC_WARN_UNINITIALIZED_AUTOS = YES_AGGRESSIVE;
				GCC_WARN_UNUSED_FUNCTION = YES;
				GCC_WARN_UNUSED_VARIABLE = YES;
				IPHONEOS_DEPLOYMENT_TARGET = 9.3;
				MTL_ENABLE_DEBUG_INFO = YES;
				ONLY_ACTIVE_ARCH = YES;
				SDKROOT = iphoneos;
				SWIFT_OPTIMIZATION_LEVEL = "-Onone";
				TARGETED_DEVICE_FAMILY = "1,2";
			};
			name = Debug;
		};
		A9DFCF381D2909F7008ADF27 /* Release */ = {
			isa = XCBuildConfiguration;
			buildSettings = {
				ALWAYS_SEARCH_USER_PATHS = NO;
				CLANG_ANALYZER_NONNULL = YES;
				CLANG_CXX_LANGUAGE_STANDARD = "gnu++0x";
				CLANG_CXX_LIBRARY = "libc++";
				CLANG_ENABLE_MODULES = YES;
				CLANG_ENABLE_OBJC_ARC = YES;
				CLANG_WARN_BOOL_CONVERSION = YES;
				CLANG_WARN_CONSTANT_CONVERSION = YES;
				CLANG_WARN_DIRECT_OBJC_ISA_USAGE = YES_ERROR;
				CLANG_WARN_EMPTY_BODY = YES;
				CLANG_WARN_ENUM_CONVERSION = YES;
				CLANG_WARN_INT_CONVERSION = YES;
				CLANG_WARN_OBJC_ROOT_CLASS = YES_ERROR;
				CLANG_WARN_UNREACHABLE_CODE = YES;
				CLANG_WARN__DUPLICATE_METHOD_MATCH = YES;
				"CODE_SIGN_IDENTITY[sdk=iphoneos*]" = "iPhone Developer";
				COPY_PHASE_STRIP = NO;
				DEBUG_INFORMATION_FORMAT = "dwarf-with-dsym";
				ENABLE_NS_ASSERTIONS = NO;
				ENABLE_STRICT_OBJC_MSGSEND = YES;
				GCC_C_LANGUAGE_STANDARD = gnu99;
				GCC_NO_COMMON_BLOCKS = YES;
				GCC_WARN_64_TO_32_BIT_CONVERSION = YES;
				GCC_WARN_ABOUT_RETURN_TYPE = YES_ERROR;
				GCC_WARN_UNDECLARED_SELECTOR = YES;
				GCC_WARN_UNINITIALIZED_AUTOS = YES_AGGRESSIVE;
				GCC_WARN_UNUSED_FUNCTION = YES;
				GCC_WARN_UNUSED_VARIABLE = YES;
				IPHONEOS_DEPLOYMENT_TARGET = 9.3;
				MTL_ENABLE_DEBUG_INFO = NO;
				SDKROOT = iphoneos;
				TARGETED_DEVICE_FAMILY = "1,2";
				VALIDATE_PRODUCT = YES;
			};
			name = Release;
		};
		A9DFCF3A1D2909F7008ADF27 /* Debug */ = {
			isa = XCBuildConfiguration;
			buildSettings = {
				ASSETCATALOG_COMPILER_APPICON_NAME = AppIcon;
				INFOPLIST_FILE = HackBook/Info.plist;
				LD_RUNPATH_SEARCH_PATHS = "$(inherited) @executable_path/Frameworks";
				PRODUCT_BUNDLE_IDENTIFIER = "com.benavente-cardador.HackBook";
				PRODUCT_NAME = "$(TARGET_NAME)";
			};
			name = Debug;
		};
		A9DFCF3B1D2909F7008ADF27 /* Release */ = {
			isa = XCBuildConfiguration;
			buildSettings = {
				ASSETCATALOG_COMPILER_APPICON_NAME = AppIcon;
				INFOPLIST_FILE = HackBook/Info.plist;
				LD_RUNPATH_SEARCH_PATHS = "$(inherited) @executable_path/Frameworks";
				PRODUCT_BUNDLE_IDENTIFIER = "com.benavente-cardador.HackBook";
				PRODUCT_NAME = "$(TARGET_NAME)";
			};
			name = Release;
		};
/* End XCBuildConfiguration section */

/* Begin XCConfigurationList section */
		A9DFCF221D2909F7008ADF27 /* Build configuration list for PBXProject "HackBook" */ = {
			isa = XCConfigurationList;
			buildConfigurations = (
				A9DFCF371D2909F7008ADF27 /* Debug */,
				A9DFCF381D2909F7008ADF27 /* Release */,
			);
			defaultConfigurationIsVisible = 0;
			defaultConfigurationName = Release;
		};
		A9DFCF391D2909F7008ADF27 /* Build configuration list for PBXNativeTarget "HackBook" */ = {
			isa = XCConfigurationList;
			buildConfigurations = (
				A9DFCF3A1D2909F7008ADF27 /* Debug */,
				A9DFCF3B1D2909F7008ADF27 /* Release */,
			);
			defaultConfigurationIsVisible = 0;
			defaultConfigurationName = Release;
		};
/* End XCConfigurationList section */
	};
	rootObject = A9DFCF1F1D2909F7008ADF27 /* Project object */;
}
